// !$*UTF8*$!
{
	archiveVersion = 1;
	classes = {
	};
	objectVersion = 50;
	objects = {

/* Begin PBXBuildFile section */
		99BBBA9B262AC04200EB8F3D /* AppDelegate.swift in Sources */ = {isa = PBXBuildFile; fileRef = 99BBBA9A262AC04200EB8F3D /* AppDelegate.swift */; };
		99BBBA9D262AC04200EB8F3D /* SceneDelegate.swift in Sources */ = {isa = PBXBuildFile; fileRef = 99BBBA9C262AC04200EB8F3D /* SceneDelegate.swift */; };
		99BBBA9F262AC04200EB8F3D /* ViewController.swift in Sources */ = {isa = PBXBuildFile; fileRef = 99BBBA9E262AC04200EB8F3D /* ViewController.swift */; };
		99BBBAA2262AC04200EB8F3D /* Main.storyboard in Resources */ = {isa = PBXBuildFile; fileRef = 99BBBAA0262AC04200EB8F3D /* Main.storyboard */; };
		99BBBAA4262AC04500EB8F3D /* Assets.xcassets in Resources */ = {isa = PBXBuildFile; fileRef = 99BBBAA3262AC04500EB8F3D /* Assets.xcassets */; };
		99BBBAA7262AC04500EB8F3D /* LaunchScreen.storyboard in Resources */ = {isa = PBXBuildFile; fileRef = 99BBBAA5262AC04500EB8F3D /* LaunchScreen.storyboard */; };
/* End PBXBuildFile section */

/* Begin PBXFileReference section */
		99BBBA97262AC04200EB8F3D /* DynamicBehavior.app */ = {isa = PBXFileReference; explicitFileType = wrapper.application; includeInIndex = 0; path = DynamicBehavior.app; sourceTree = BUILT_PRODUCTS_DIR; };
		99BBBA9A262AC04200EB8F3D /* AppDelegate.swift */ = {isa = PBXFileReference; lastKnownFileType = sourcecode.swift; path = AppDelegate.swift; sourceTree = "<group>"; };
		99BBBA9C262AC04200EB8F3D /* SceneDelegate.swift */ = {isa = PBXFileReference; lastKnownFileType = sourcecode.swift; path = SceneDelegate.swift; sourceTree = "<group>"; };
		99BBBA9E262AC04200EB8F3D /* ViewController.swift */ = {isa = PBXFileReference; lastKnownFileType = sourcecode.swift; path = ViewController.swift; sourceTree = "<group>"; };
		99BBBAA1262AC04200EB8F3D /* Base */ = {isa = PBXFileReference; lastKnownFileType = file.storyboard; name = Base; path = Base.lproj/Main.storyboard; sourceTree = "<group>"; };
		99BBBAA3262AC04500EB8F3D /* Assets.xcassets */ = {isa = PBXFileReference; lastKnownFileType = folder.assetcatalog; path = Assets.xcassets; sourceTree = "<group>"; };
		99BBBAA6262AC04500EB8F3D /* Base */ = {isa = PBXFileReference; lastKnownFileType = file.storyboard; name = Base; path = Base.lproj/LaunchScreen.storyboard; sourceTree = "<group>"; };
		99BBBAA8262AC04500EB8F3D /* Info.plist */ = {isa = PBXFileReference; lastKnownFileType = text.plist.xml; path = Info.plist; sourceTree = "<group>"; };
/* End PBXFileReference section */

/* Begin PBXFrameworksBuildPhase section */
		99BBBA94262AC04200EB8F3D /* Frameworks */ = {
			isa = PBXFrameworksBuildPhase;
			buildActionMask = 2147483647;
			files = (
			);
			runOnlyForDeploymentPostprocessing = 0;
		};
/* End PBXFrameworksBuildPhase section */

/* Begin PBXGroup section */
		99BBBA8E262AC04200EB8F3D = {
			isa = PBXGroup;
			children = (
				99BBBA99262AC04200EB8F3D /* DynamicBehavior */,
				99BBBA98262AC04200EB8F3D /* Products */,
			);
			sourceTree = "<group>";
		};
		99BBBA98262AC04200EB8F3D /* Products */ = {
			isa = PBXGroup;
			children = (
				99BBBA97262AC04200EB8F3D /* DynamicBehavior.app */,
			);
			name = Products;
			sourceTree = "<group>";
		};
		99BBBA99262AC04200EB8F3D /* DynamicBehavior */ = {
			isa = PBXGroup;
			children = (
				99BBBA9A262AC04200EB8F3D /* AppDelegate.swift */,
				99BBBA9C262AC04200EB8F3D /* SceneDelegate.swift */,
				99BBBA9E262AC04200EB8F3D /* ViewController.swift */,
				99BBBAA0262AC04200EB8F3D /* Main.storyboard */,
				99BBBAA3262AC04500EB8F3D /* Assets.xcassets */,
				99BBBAA5262AC04500EB8F3D /* LaunchScreen.storyboard */,
				99BBBAA8262AC04500EB8F3D /* Info.plist */,
			);
			path = DynamicBehavior;
			sourceTree = "<group>";
		};
/* End PBXGroup section */

/* Begin PBXNativeTarget section */
		99BBBA96262AC04200EB8F3D /* DynamicBehavior */ = {
			isa = PBXNativeTarget;
			buildConfigurationList = 99BBBAAB262AC04500EB8F3D /* Build configuration list for PBXNativeTarget "DynamicBehavior" */;
			buildPhases = (
				99BBBA93262AC04200EB8F3D /* Sources */,
				99BBBA94262AC04200EB8F3D /* Frameworks */,
				99BBBA95262AC04200EB8F3D /* Resources */,
			);
			buildRules = (
			);
			dependencies = (
			);
			name = DynamicBehavior;
			productName = DynamicBehavior;
			productReference = 99BBBA97262AC04200EB8F3D /* DynamicBehavior.app */;
			productType = "com.apple.product-type.application";
		};
/* End PBXNativeTarget section */

/* Begin PBXProject section */
		99BBBA8F262AC04200EB8F3D /* Project object */ = {
			isa = PBXProject;
			attributes = {
				LastSwiftUpdateCheck = 1240;
				LastUpgradeCheck = 1240;
				TargetAttributes = {
					99BBBA96262AC04200EB8F3D = {
						CreatedOnToolsVersion = 12.4;
					};
				};
			};
			buildConfigurationList = 99BBBA92262AC04200EB8F3D /* Build configuration list for PBXProject "DynamicBehavior" */;
			compatibilityVersion = "Xcode 9.3";
			developmentRegion = en;
			hasScannedForEncodings = 0;
			knownRegions = (
				en,
				Base,
			);
			mainGroup = 99BBBA8E262AC04200EB8F3D;
			productRefGroup = 99BBBA98262AC04200EB8F3D /* Products */;
			projectDirPath = "";
			projectRoot = "";
			targets = (
				99BBBA96262AC04200EB8F3D /* DynamicBehavior */,
			);
		};
/* End PBXProject section */

/* Begin PBXResourcesBuildPhase section */
		99BBBA95262AC04200EB8F3D /* Resources */ = {
			isa = PBXResourcesBuildPhase;
			buildActionMask = 2147483647;
			files = (
				99BBBAA7262AC04500EB8F3D /* LaunchScreen.storyboard in Resources */,
				99BBBAA4262AC04500EB8F3D /* Assets.xcassets in Resources */,
				99BBBAA2262AC04200EB8F3D /* Main.storyboard in Resources */,
			);
			runOnlyForDeploymentPostprocessing = 0;
		};
/* End PBXResourcesBuildPhase section */

/* Begin PBXSourcesBuildPhase section */
		99BBBA93262AC04200EB8F3D /* Sources */ = {
			isa = PBXSourcesBuildPhase;
			buildActionMask = 2147483647;
			files = (
				99BBBA9F262AC04200EB8F3D /* ViewController.swift in Sources */,
				99BBBA9B262AC04200EB8F3D /* AppDelegate.swift in Sources */,
				99BBBA9D262AC04200EB8F3D /* SceneDelegate.swift in Sources */,
			);
			runOnlyForDeploymentPostprocessing = 0;
		};
/* End PBXSourcesBuildPhase section */

/* Begin PBXVariantGroup section */
		99BBBAA0262AC04200EB8F3D /* Main.storyboard */ = {
			isa = PBXVariantGroup;
			children = (
				99BBBAA1262AC04200EB8F3D /* Base */,
			);
			name = Main.storyboard;
			sourceTree = "<group>";
		};
		99BBBAA5262AC04500EB8F3D /* LaunchScreen.storyboard */ = {
			isa = PBXVariantGroup;
			children = (
				99BBBAA6262AC04500EB8F3D /* Base */,
			);
			name = LaunchScreen.storyboard;
			sourceTree = "<group>";
		};
/* End PBXVariantGroup section */

/* Begin XCBuildConfiguration section */
		99BBBAA9262AC04500EB8F3D /* Debug */ = {
			isa = XCBuildConfiguration;
			buildSettings = {
				ALWAYS_SEARCH_USER_PATHS = NO;
				CLANG_ANALYZER_NONNULL = YES;
				CLANG_ANALYZER_NUMBER_OBJECT_CONVERSION = YES_AGGRESSIVE;
				CLANG_CXX_LANGUAGE_STANDARD = "gnu++14";
				CLANG_CXX_LIBRARY = "libc++";
				CLANG_ENABLE_MODULES = YES;
				CLANG_ENABLE_OBJC_ARC = YES;
				CLANG_ENABLE_OBJC_WEAK = YES;
				CLANG_WARN_BLOCK_CAPTURE_AUTORELEASING = YES;
				CLANG_WARN_BOOL_CONVERSION = YES;
				CLANG_WARN_COMMA = YES;
				CLANG_WARN_CONSTANT_CONVERSION = YES;
				CLANG_WARN_DEPRECATED_OBJC_IMPLEMENTATIONS = YES;
				CLANG_WARN_DIRECT_OBJC_ISA_USAGE = YES_ERROR;
				CLANG_WARN_DOCUMENTATION_COMMENTS = YES;
				CLANG_WARN_EMPTY_BODY = YES;
				CLANG_WARN_ENUM_CONVERSION = YES;
				CLANG_WARN_INFINITE_RECURSION = YES;
				CLANG_WARN_INT_CONVERSION = YES;
				CLANG_WARN_NON_LITERAL_NULL_CONVERSION = YES;
				CLANG_WARN_OBJC_IMPLICIT_RETAIN_SELF = YES;
				CLANG_WARN_OBJC_LITERAL_CONVERSION = YES;
				CLANG_WARN_OBJC_ROOT_CLASS = YES_ERROR;
				CLANG_WARN_QUOTED_INCLUDE_IN_FRAMEWORK_HEADER = YES;
				CLANG_WARN_RANGE_LOOP_ANALYSIS = YES;
				CLANG_WARN_STRICT_PROTOTYPES = YES;
				CLANG_WARN_SUSPICIOUS_MOVE = YES;
				CLANG_WARN_UNGUARDED_AVAILABILITY = YES_AGGRESSIVE;
				CLANG_WARN_UNREACHABLE_CODE = YES;
				CLANG_WARN__DUPLICATE_METHOD_MATCH = YES;
				COPY_PHASE_STRIP = NO;
				DEBUG_INFORMATION_FORMAT = dwarf;
				ENABLE_STRICT_OBJC_MSGSEND = YES;
				ENABLE_TESTABILITY = YES;
				GCC_C_LANGUAGE_STANDARD = gnu11;
				GCC_DYNAMIC_NO_PIC = NO;
				GCC_NO_COMMON_BLOCKS = YES;
				GCC_OPTIMIZATION_LEVEL = 0;
				GCC_PREPROCESSOR_DEFINITIONS = (
					"DEBUG=1",
					"$(inherited)",
				);
				GCC_WARN_64_TO_32_BIT_CONVERSION = YES;
				GCC_WARN_ABOUT_RETURN_TYPE = YES_ERROR;
				GCC_WARN_UNDECLARED_SELECTOR = YES;
				GCC_WARN_UNINITIALIZED_AUTOS = YES_AGGRESSIVE;
				GCC_WARN_UNUSED_FUNCTION = YES;
				GCC_WARN_UNUSED_VARIABLE = YES;
				IPHONEOS_DEPLOYMENT_TARGET = 14.4;
				MTL_ENABLE_DEBUG_INFO = INCLUDE_SOURCE;
				MTL_FAST_MATH = YES;
				ONLY_ACTIVE_ARCH = YES;
				SDKROOT = iphoneos;
				SWIFT_ACTIVE_COMPILATION_CONDITIONS = DEBUG;
				SWIFT_OPTIMIZATION_LEVEL = "-Onone";
			};
			name = Debug;
		};
		99BBBAAA262AC04500EB8F3D /* Release */ = {
			isa = XCBuildConfiguration;
			buildSettings = {
				ALWAYS_SEARCH_USER_PATHS = NO;
				CLANG_ANALYZER_NONNULL = YES;
				CLANG_ANALYZER_NUMBER_OBJECT_CONVERSION = YES_AGGRESSIVE;
				CLANG_CXX_LANGUAGE_STANDARD = "gnu++14";
				CLANG_CXX_LIBRARY = "libc++";
				CLANG_ENABLE_MODULES = YES;
				CLANG_ENABLE_OBJC_ARC = YES;
				CLANG_ENABLE_OBJC_WEAK = YES;
				CLANG_WARN_BLOCK_CAPTURE_AUTORELEASING = YES;
				CLANG_WARN_BOOL_CONVERSION = YES;
				CLANG_WARN_COMMA = YES;
				CLANG_WARN_CONSTANT_CONVERSION = YES;
				CLANG_WARN_DEPRECATED_OBJC_IMPLEMENTATIONS = YES;
				CLANG_WARN_DIRECT_OBJC_ISA_USAGE = YES_ERROR;
				CLANG_WARN_DOCUMENTATION_COMMENTS = YES;
				CLANG_WARN_EMPTY_BODY = YES;
				CLANG_WARN_ENUM_CONVERSION = YES;
				CLANG_WARN_INFINITE_RECURSION = YES;
				CLANG_WARN_INT_CONVERSION = YES;
				CLANG_WARN_NON_LITERAL_NULL_CONVERSION = YES;
				CLANG_WARN_OBJC_IMPLICIT_RETAIN_SELF = YES;
				CLANG_WARN_OBJC_LITERAL_CONVERSION = YES;
				CLANG_WARN_OBJC_ROOT_CLASS = YES_ERROR;
				CLANG_WARN_QUOTED_INCLUDE_IN_FRAMEWORK_HEADER = YES;
				CLANG_WARN_RANGE_LOOP_ANALYSIS = YES;
				CLANG_WARN_STRICT_PROTOTYPES = YES;
				CLANG_WARN_SUSPICIOUS_MOVE = YES;
				CLANG_WARN_UNGUARDED_AVAILABILITY = YES_AGGRESSIVE;
				CLANG_WARN_UNREACHABLE_CODE = YES;
				CLANG_WARN__DUPLICATE_METHOD_MATCH = YES;
				COPY_PHASE_STRIP = NO;
				DEBUG_INFORMATION_FORMAT = "dwarf-with-dsym";
				ENABLE_NS_ASSERTIONS = NO;
				ENABLE_STRICT_OBJC_MSGSEND = YES;
				GCC_C_LANGUAGE_STANDARD = gnu11;
				GCC_NO_COMMON_BLOCKS = YES;
				GCC_WARN_64_TO_32_BIT_CONVERSION = YES;
				GCC_WARN_ABOUT_RETURN_TYPE = YES_ERROR;
				GCC_WARN_UNDECLARED_SELECTOR = YES;
				GCC_WARN_UNINITIALIZED_AUTOS = YES_AGGRESSIVE;
				GCC_WARN_UNUSED_FUNCTION = YES;
				GCC_WARN_UNUSED_VARIABLE = YES;
				IPHONEOS_DEPLOYMENT_TARGET = 14.4;
				MTL_ENABLE_DEBUG_INFO = NO;
				MTL_FAST_MATH = YES;
				SDKROOT = iphoneos;
				SWIFT_COMPILATION_MODE = wholemodule;
				SWIFT_OPTIMIZATION_LEVEL = "-O";
				VALIDATE_PRODUCT = YES;
			};
			name = Release;
		};
		99BBBAAC262AC04500EB8F3D /* Debug */ = {
			isa = XCBuildConfiguration;
			buildSettings = {
				ASSETCATALOG_COMPILER_APPICON_NAME = AppIcon;
				ASSETCATALOG_COMPILER_GLOBAL_ACCENT_COLOR_NAME = AccentColor;
				CODE_SIGN_STYLE = Automatic;
				DEVELOPMENT_TEAM = 7PL9FSFP7H;
				INFOPLIST_FILE = DynamicBehavior/Info.plist;
				LD_RUNPATH_SEARCH_PATHS = (
					"$(inherited)",
					"@executable_path/Frameworks",
				);
				PRODUCT_BUNDLE_IDENTIFIER = iOSBasic.DynamicBehavior;
				PRODUCT_NAME = "$(TARGET_NAME)";
				SWIFT_VERSION = 5.0;
				TARGETED_DEVICE_FAMILY = "1,2";
			};
			name = Debug;
		};
		99BBBAAD262AC04500EB8F3D /* Release */ = {
			isa = XCBuildConfiguration;
			buildSettings = {
				ASSETCATALOG_COMPILER_APPICON_NAME = AppIcon;
				ASSETCATALOG_COMPILER_GLOBAL_ACCENT_COLOR_NAME = AccentColor;
				CODE_SIGN_STYLE = Automatic;
				DEVELOPMENT_TEAM = 7PL9FSFP7H;
				INFOPLIST_FILE = DynamicBehavior/Info.plist;
				LD_RUNPATH_SEARCH_PATHS = (
					"$(inherited)",
					"@executable_path/Frameworks",
				);
				PRODUCT_BUNDLE_IDENTIFIER = iOSBasic.DynamicBehavior;
				PRODUCT_NAME = "$(TARGET_NAME)";
				SWIFT_VERSION = 5.0;
				TARGETED_DEVICE_FAMILY = "1,2";
			};
			name = Release;
		};
/* End XCBuildConfiguration section */

/* Begin XCConfigurationList section */
		99BBBA92262AC04200EB8F3D /* Build configuration list for PBXProject "DynamicBehavior" */ = {
			isa = XCConfigurationList;
			buildConfigurations = (
				99BBBAA9262AC04500EB8F3D /* Debug */,
				99BBBAAA262AC04500EB8F3D /* Release */,
			);
			defaultConfigurationIsVisible = 0;
			defaultConfigurationName = Release;
		};
		99BBBAAB262AC04500EB8F3D /* Build configuration list for PBXNativeTarget "DynamicBehavior" */ = {
			isa = XCConfigurationList;
			buildConfigurations = (
				99BBBAAC262AC04500EB8F3D /* Debug */,
				99BBBAAD262AC04500EB8F3D /* Release */,
			);
			defaultConfigurationIsVisible = 0;
			defaultConfigurationName = Release;
		};
/* End XCConfigurationList section */
	};
	rootObject = 99BBBA8F262AC04200EB8F3D /* Project object */;
}
