// !$*UTF8*$!
{
	archiveVersion = 1;
	classes = {
	};
	objectVersion = 50;
	objects = {

/* Begin PBXBuildFile section */
		99BBB96F26258EE200EB8F3D /* AppDelegate.swift in Sources */ = {isa = PBXBuildFile; fileRef = 99BBB96E26258EE200EB8F3D /* AppDelegate.swift */; };
		99BBB97126258EE200EB8F3D /* SceneDelegate.swift in Sources */ = {isa = PBXBuildFile; fileRef = 99BBB97026258EE200EB8F3D /* SceneDelegate.swift */; };
		99BBB97326258EE200EB8F3D /* ViewController.swift in Sources */ = {isa = PBXBuildFile; fileRef = 99BBB97226258EE200EB8F3D /* ViewController.swift */; };
		99BBB97626258EE200EB8F3D /* Main.storyboard in Resources */ = {isa = PBXBuildFile; fileRef = 99BBB97426258EE200EB8F3D /* Main.storyboard */; };
		99BBB97826258EE400EB8F3D /* Assets.xcassets in Resources */ = {isa = PBXBuildFile; fileRef = 99BBB97726258EE400EB8F3D /* Assets.xcassets */; };
		99BBB97B26258EE400EB8F3D /* LaunchScreen.storyboard in Resources */ = {isa = PBXBuildFile; fileRef = 99BBB97926258EE400EB8F3D /* LaunchScreen.storyboard */; };
		99BBB9842625A34200EB8F3D /* File.rtf in Resources */ = {isa = PBXBuildFile; fileRef = 99BBB9832625A34200EB8F3D /* File.rtf */; };
		99BBB9872626E2E000EB8F3D /* MyViewController.swift in Sources */ = {isa = PBXBuildFile; fileRef = 99BBB9862626E2DF00EB8F3D /* MyViewController.swift */; };
		99BBB98B2626E7FF00EB8F3D /* WebKit.framework in Frameworks */ = {isa = PBXBuildFile; fileRef = 99BBB98A2626E7FE00EB8F3D /* WebKit.framework */; };
		99BBB9902626EE9D00EB8F3D /* index.html in Resources */ = {isa = PBXBuildFile; fileRef = 99BBB98F2626EE9D00EB8F3D /* index.html */; };
		99BBB9932626F39100EB8F3D /* MySecViewController.swift in Sources */ = {isa = PBXBuildFile; fileRef = 99BBB9922626F39100EB8F3D /* MySecViewController.swift */; };
		99BBB9962627F10900EB8F3D /* MyThirdViewController.swift in Sources */ = {isa = PBXBuildFile; fileRef = 99BBB9952627F10900EB8F3D /* MyThirdViewController.swift */; };
/* End PBXBuildFile section */

/* Begin PBXFileReference section */
		99BBB96B26258EE200EB8F3D /* UIViewComponent.app */ = {isa = PBXFileReference; explicitFileType = wrapper.application; includeInIndex = 0; path = UIViewComponent.app; sourceTree = BUILT_PRODUCTS_DIR; };
		99BBB96E26258EE200EB8F3D /* AppDelegate.swift */ = {isa = PBXFileReference; lastKnownFileType = sourcecode.swift; path = AppDelegate.swift; sourceTree = "<group>"; };
		99BBB97026258EE200EB8F3D /* SceneDelegate.swift */ = {isa = PBXFileReference; lastKnownFileType = sourcecode.swift; path = SceneDelegate.swift; sourceTree = "<group>"; };
		99BBB97226258EE200EB8F3D /* ViewController.swift */ = {isa = PBXFileReference; lastKnownFileType = sourcecode.swift; path = ViewController.swift; sourceTree = "<group>"; };
		99BBB97526258EE200EB8F3D /* Base */ = {isa = PBXFileReference; lastKnownFileType = file.storyboard; name = Base; path = Base.lproj/Main.storyboard; sourceTree = "<group>"; };
		99BBB97726258EE400EB8F3D /* Assets.xcassets */ = {isa = PBXFileReference; lastKnownFileType = folder.assetcatalog; path = Assets.xcassets; sourceTree = "<group>"; };
		99BBB97A26258EE400EB8F3D /* Base */ = {isa = PBXFileReference; lastKnownFileType = file.storyboard; name = Base; path = Base.lproj/LaunchScreen.storyboard; sourceTree = "<group>"; };
		99BBB97C26258EE400EB8F3D /* Info.plist */ = {isa = PBXFileReference; lastKnownFileType = text.plist.xml; path = Info.plist; sourceTree = "<group>"; };
		99BBB9832625A34200EB8F3D /* File.rtf */ = {isa = PBXFileReference; lastKnownFileType = text.rtf; path = File.rtf; sourceTree = "<group>"; };
		99BBB9862626E2DF00EB8F3D /* MyViewController.swift */ = {isa = PBXFileReference; lastKnownFileType = sourcecode.swift; path = MyViewController.swift; sourceTree = "<group>"; };
		99BBB98A2626E7FE00EB8F3D /* WebKit.framework */ = {isa = PBXFileReference; lastKnownFileType = wrapper.framework; name = WebKit.framework; path = System/Library/Frameworks/WebKit.framework; sourceTree = SDKROOT; };
		99BBB98F2626EE9D00EB8F3D /* index.html */ = {isa = PBXFileReference; lastKnownFileType = text.html; path = index.html; sourceTree = "<group>"; };
		99BBB9922626F39100EB8F3D /* MySecViewController.swift */ = {isa = PBXFileReference; lastKnownFileType = sourcecode.swift; path = MySecViewController.swift; sourceTree = "<group>"; };
		99BBB9952627F10900EB8F3D /* MyThirdViewController.swift */ = {isa = PBXFileReference; lastKnownFileType = sourcecode.swift; path = MyThirdViewController.swift; sourceTree = "<group>"; };
/* End PBXFileReference section */

/* Begin PBXFrameworksBuildPhase section */
		99BBB96826258EE200EB8F3D /* Frameworks */ = {
			isa = PBXFrameworksBuildPhase;
			buildActionMask = 2147483647;
			files = (
				99BBB98B2626E7FF00EB8F3D /* WebKit.framework in Frameworks */,
			);
			runOnlyForDeploymentPostprocessing = 0;
		};
/* End PBXFrameworksBuildPhase section */

/* Begin PBXGroup section */
		99BBB96226258EE200EB8F3D = {
			isa = PBXGroup;
			children = (
				99BBB96D26258EE200EB8F3D /* UIViewComponent */,
				99BBB96C26258EE200EB8F3D /* Products */,
				99BBB9892626E7FE00EB8F3D /* Frameworks */,
			);
			sourceTree = "<group>";
		};
		99BBB96C26258EE200EB8F3D /* Products */ = {
			isa = PBXGroup;
			children = (
				99BBB96B26258EE200EB8F3D /* UIViewComponent.app */,
			);
			name = Products;
			sourceTree = "<group>";
		};
		99BBB96D26258EE200EB8F3D /* UIViewComponent */ = {
			isa = PBXGroup;
			children = (
				99BBB96E26258EE200EB8F3D /* AppDelegate.swift */,
				99BBB97026258EE200EB8F3D /* SceneDelegate.swift */,
				99BBB97226258EE200EB8F3D /* ViewController.swift */,
				99BBB97426258EE200EB8F3D /* Main.storyboard */,
				99BBB97726258EE400EB8F3D /* Assets.xcassets */,
				99BBB97926258EE400EB8F3D /* LaunchScreen.storyboard */,
				99BBB97C26258EE400EB8F3D /* Info.plist */,
				99BBB9832625A34200EB8F3D /* File.rtf */,
				99BBB9862626E2DF00EB8F3D /* MyViewController.swift */,
				99BBB98F2626EE9D00EB8F3D /* index.html */,
				99BBB9922626F39100EB8F3D /* MySecViewController.swift */,
				99BBB9952627F10900EB8F3D /* MyThirdViewController.swift */,
			);
			path = UIViewComponent;
			sourceTree = "<group>";
		};
		99BBB9892626E7FE00EB8F3D /* Frameworks */ = {
			isa = PBXGroup;
			children = (
				99BBB98A2626E7FE00EB8F3D /* WebKit.framework */,
			);
			name = Frameworks;
			sourceTree = "<group>";
		};
/* End PBXGroup section */

/* Begin PBXNativeTarget section */
		99BBB96A26258EE200EB8F3D /* UIViewComponent */ = {
			isa = PBXNativeTarget;
			buildConfigurationList = 99BBB97F26258EE400EB8F3D /* Build configuration list for PBXNativeTarget "UIViewComponent" */;
			buildPhases = (
				99BBB96726258EE200EB8F3D /* Sources */,
				99BBB96826258EE200EB8F3D /* Frameworks */,
				99BBB96926258EE200EB8F3D /* Resources */,
			);
			buildRules = (
			);
			dependencies = (
			);
			name = UIViewComponent;
			productName = UIViewComponent;
			productReference = 99BBB96B26258EE200EB8F3D /* UIViewComponent.app */;
			productType = "com.apple.product-type.application";
		};
/* End PBXNativeTarget section */

/* Begin PBXProject section */
		99BBB96326258EE200EB8F3D /* Project object */ = {
			isa = PBXProject;
			attributes = {
				LastSwiftUpdateCheck = 1240;
				LastUpgradeCheck = 1240;
				TargetAttributes = {
					99BBB96A26258EE200EB8F3D = {
						CreatedOnToolsVersion = 12.4;
					};
				};
			};
			buildConfigurationList = 99BBB96626258EE200EB8F3D /* Build configuration list for PBXProject "UIViewComponent" */;
			compatibilityVersion = "Xcode 9.3";
			developmentRegion = en;
			hasScannedForEncodings = 0;
			knownRegions = (
				en,
				Base,
			);
			mainGroup = 99BBB96226258EE200EB8F3D;
			productRefGroup = 99BBB96C26258EE200EB8F3D /* Products */;
			projectDirPath = "";
			projectRoot = "";
			targets = (
				99BBB96A26258EE200EB8F3D /* UIViewComponent */,
			);
		};
/* End PBXProject section */

/* Begin PBXResourcesBuildPhase section */
		99BBB96926258EE200EB8F3D /* Resources */ = {
			isa = PBXResourcesBuildPhase;
			buildActionMask = 2147483647;
			files = (
				99BBB9902626EE9D00EB8F3D /* index.html in Resources */,
				99BBB97B26258EE400EB8F3D /* LaunchScreen.storyboard in Resources */,
				99BBB97826258EE400EB8F3D /* Assets.xcassets in Resources */,
				99BBB9842625A34200EB8F3D /* File.rtf in Resources */,
				99BBB97626258EE200EB8F3D /* Main.storyboard in Resources */,
			);
			runOnlyForDeploymentPostprocessing = 0;
		};
/* End PBXResourcesBuildPhase section */

/* Begin PBXSourcesBuildPhase section */
		99BBB96726258EE200EB8F3D /* Sources */ = {
			isa = PBXSourcesBuildPhase;
			buildActionMask = 2147483647;
			files = (
				99BBB97326258EE200EB8F3D /* ViewController.swift in Sources */,
				99BBB9932626F39100EB8F3D /* MySecViewController.swift in Sources */,
				99BBB96F26258EE200EB8F3D /* AppDelegate.swift in Sources */,
				99BBB9872626E2E000EB8F3D /* MyViewController.swift in Sources */,
				99BBB9962627F10900EB8F3D /* MyThirdViewController.swift in Sources */,
				99BBB97126258EE200EB8F3D /* SceneDelegate.swift in Sources */,
			);
			runOnlyForDeploymentPostprocessing = 0;
		};
/* End PBXSourcesBuildPhase section */

/* Begin PBXVariantGroup section */
		99BBB97426258EE200EB8F3D /* Main.storyboard */ = {
			isa = PBXVariantGroup;
			children = (
				99BBB97526258EE200EB8F3D /* Base */,
			);
			name = Main.storyboard;
			sourceTree = "<group>";
		};
		99BBB97926258EE400EB8F3D /* LaunchScreen.storyboard */ = {
			isa = PBXVariantGroup;
			children = (
				99BBB97A26258EE400EB8F3D /* Base */,
			);
			name = LaunchScreen.storyboard;
			sourceTree = "<group>";
		};
/* End PBXVariantGroup section */

/* Begin XCBuildConfiguration section */
		99BBB97D26258EE400EB8F3D /* Debug */ = {
			isa = XCBuildConfiguration;
			buildSettings = {
				ALWAYS_SEARCH_USER_PATHS = NO;
				CLANG_ANALYZER_NONNULL = YES;
				CLANG_ANALYZER_NUMBER_OBJECT_CONVERSION = YES_AGGRESSIVE;
				CLANG_CXX_LANGUAGE_STANDARD = "gnu++14";
				CLANG_CXX_LIBRARY = "libc++";
				CLANG_ENABLE_MODULES = YES;
				CLANG_ENABLE_OBJC_ARC = YES;
				CLANG_ENABLE_OBJC_WEAK = YES;
				CLANG_WARN_BLOCK_CAPTURE_AUTORELEASING = YES;
				CLANG_WARN_BOOL_CONVERSION = YES;
				CLANG_WARN_COMMA = YES;
				CLANG_WARN_CONSTANT_CONVERSION = YES;
				CLANG_WARN_DEPRECATED_OBJC_IMPLEMENTATIONS = YES;
				CLANG_WARN_DIRECT_OBJC_ISA_USAGE = YES_ERROR;
				CLANG_WARN_DOCUMENTATION_COMMENTS = YES;
				CLANG_WARN_EMPTY_BODY = YES;
				CLANG_WARN_ENUM_CONVERSION = YES;
				CLANG_WARN_INFINITE_RECURSION = YES;
				CLANG_WARN_INT_CONVERSION = YES;
				CLANG_WARN_NON_LITERAL_NULL_CONVERSION = YES;
				CLANG_WARN_OBJC_IMPLICIT_RETAIN_SELF = YES;
				CLANG_WARN_OBJC_LITERAL_CONVERSION = YES;
				CLANG_WARN_OBJC_ROOT_CLASS = YES_ERROR;
				CLANG_WARN_QUOTED_INCLUDE_IN_FRAMEWORK_HEADER = YES;
				CLANG_WARN_RANGE_LOOP_ANALYSIS = YES;
				CLANG_WARN_STRICT_PROTOTYPES = YES;
				CLANG_WARN_SUSPICIOUS_MOVE = YES;
				CLANG_WARN_UNGUARDED_AVAILABILITY = YES_AGGRESSIVE;
				CLANG_WARN_UNREACHABLE_CODE = YES;
				CLANG_WARN__DUPLICATE_METHOD_MATCH = YES;
				COPY_PHASE_STRIP = NO;
				DEBUG_INFORMATION_FORMAT = dwarf;
				ENABLE_STRICT_OBJC_MSGSEND = YES;
				ENABLE_TESTABILITY = YES;
				GCC_C_LANGUAGE_STANDARD = gnu11;
				GCC_DYNAMIC_NO_PIC = NO;
				GCC_NO_COMMON_BLOCKS = YES;
				GCC_OPTIMIZATION_LEVEL = 0;
				GCC_PREPROCESSOR_DEFINITIONS = (
					"DEBUG=1",
					"$(inherited)",
				);
				GCC_WARN_64_TO_32_BIT_CONVERSION = YES;
				GCC_WARN_ABOUT_RETURN_TYPE = YES_ERROR;
				GCC_WARN_UNDECLARED_SELECTOR = YES;
				GCC_WARN_UNINITIALIZED_AUTOS = YES_AGGRESSIVE;
				GCC_WARN_UNUSED_FUNCTION = YES;
				GCC_WARN_UNUSED_VARIABLE = YES;
				IPHONEOS_DEPLOYMENT_TARGET = 14.4;
				MTL_ENABLE_DEBUG_INFO = INCLUDE_SOURCE;
				MTL_FAST_MATH = YES;
				ONLY_ACTIVE_ARCH = YES;
				SDKROOT = iphoneos;
				SWIFT_ACTIVE_COMPILATION_CONDITIONS = DEBUG;
				SWIFT_OPTIMIZATION_LEVEL = "-Onone";
			};
			name = Debug;
		};
		99BBB97E26258EE400EB8F3D /* Release */ = {
			isa = XCBuildConfiguration;
			buildSettings = {
				ALWAYS_SEARCH_USER_PATHS = NO;
				CLANG_ANALYZER_NONNULL = YES;
				CLANG_ANALYZER_NUMBER_OBJECT_CONVERSION = YES_AGGRESSIVE;
				CLANG_CXX_LANGUAGE_STANDARD = "gnu++14";
				CLANG_CXX_LIBRARY = "libc++";
				CLANG_ENABLE_MODULES = YES;
				CLANG_ENABLE_OBJC_ARC = YES;
				CLANG_ENABLE_OBJC_WEAK = YES;
				CLANG_WARN_BLOCK_CAPTURE_AUTORELEASING = YES;
				CLANG_WARN_BOOL_CONVERSION = YES;
				CLANG_WARN_COMMA = YES;
				CLANG_WARN_CONSTANT_CONVERSION = YES;
				CLANG_WARN_DEPRECATED_OBJC_IMPLEMENTATIONS = YES;
				CLANG_WARN_DIRECT_OBJC_ISA_USAGE = YES_ERROR;
				CLANG_WARN_DOCUMENTATION_COMMENTS = YES;
				CLANG_WARN_EMPTY_BODY = YES;
				CLANG_WARN_ENUM_CONVERSION = YES;
				CLANG_WARN_INFINITE_RECURSION = YES;
				CLANG_WARN_INT_CONVERSION = YES;
				CLANG_WARN_NON_LITERAL_NULL_CONVERSION = YES;
				CLANG_WARN_OBJC_IMPLICIT_RETAIN_SELF = YES;
				CLANG_WARN_OBJC_LITERAL_CONVERSION = YES;
				CLANG_WARN_OBJC_ROOT_CLASS = YES_ERROR;
				CLANG_WARN_QUOTED_INCLUDE_IN_FRAMEWORK_HEADER = YES;
				CLANG_WARN_RANGE_LOOP_ANALYSIS = YES;
				CLANG_WARN_STRICT_PROTOTYPES = YES;
				CLANG_WARN_SUSPICIOUS_MOVE = YES;
				CLANG_WARN_UNGUARDED_AVAILABILITY = YES_AGGRESSIVE;
				CLANG_WARN_UNREACHABLE_CODE = YES;
				CLANG_WARN__DUPLICATE_METHOD_MATCH = YES;
				COPY_PHASE_STRIP = NO;
				DEBUG_INFORMATION_FORMAT = "dwarf-with-dsym";
				ENABLE_NS_ASSERTIONS = NO;
				ENABLE_STRICT_OBJC_MSGSEND = YES;
				GCC_C_LANGUAGE_STANDARD = gnu11;
				GCC_NO_COMMON_BLOCKS = YES;
				GCC_WARN_64_TO_32_BIT_CONVERSION = YES;
				GCC_WARN_ABOUT_RETURN_TYPE = YES_ERROR;
				GCC_WARN_UNDECLARED_SELECTOR = YES;
				GCC_WARN_UNINITIALIZED_AUTOS = YES_AGGRESSIVE;
				GCC_WARN_UNUSED_FUNCTION = YES;
				GCC_WARN_UNUSED_VARIABLE = YES;
				IPHONEOS_DEPLOYMENT_TARGET = 14.4;
				MTL_ENABLE_DEBUG_INFO = NO;
				MTL_FAST_MATH = YES;
				SDKROOT = iphoneos;
				SWIFT_COMPILATION_MODE = wholemodule;
				SWIFT_OPTIMIZATION_LEVEL = "-O";
				VALIDATE_PRODUCT = YES;
			};
			name = Release;
		};
		99BBB98026258EE400EB8F3D /* Debug */ = {
			isa = XCBuildConfiguration;
			buildSettings = {
				ASSETCATALOG_COMPILER_APPICON_NAME = AppIcon;
				ASSETCATALOG_COMPILER_GLOBAL_ACCENT_COLOR_NAME = AccentColor;
				CODE_SIGN_STYLE = Automatic;
				DEVELOPMENT_TEAM = 7PL9FSFP7H;
				INFOPLIST_FILE = UIViewComponent/Info.plist;
				LD_RUNPATH_SEARCH_PATHS = (
					"$(inherited)",
					"@executable_path/Frameworks",
				);
				PRODUCT_BUNDLE_IDENTIFIER = iOSBasic.UIViewComponent;
				PRODUCT_NAME = "$(TARGET_NAME)";
				SWIFT_VERSION = 5.0;
				TARGETED_DEVICE_FAMILY = "1,2";
			};
			name = Debug;
		};
		99BBB98126258EE400EB8F3D /* Release */ = {
			isa = XCBuildConfiguration;
			buildSettings = {
				ASSETCATALOG_COMPILER_APPICON_NAME = AppIcon;
				ASSETCATALOG_COMPILER_GLOBAL_ACCENT_COLOR_NAME = AccentColor;
				CODE_SIGN_STYLE = Automatic;
				DEVELOPMENT_TEAM = 7PL9FSFP7H;
				INFOPLIST_FILE = UIViewComponent/Info.plist;
				LD_RUNPATH_SEARCH_PATHS = (
					"$(inherited)",
					"@executable_path/Frameworks",
				);
				PRODUCT_BUNDLE_IDENTIFIER = iOSBasic.UIViewComponent;
				PRODUCT_NAME = "$(TARGET_NAME)";
				SWIFT_VERSION = 5.0;
				TARGETED_DEVICE_FAMILY = "1,2";
			};
			name = Release;
		};
/* End XCBuildConfiguration section */

/* Begin XCConfigurationList section */
		99BBB96626258EE200EB8F3D /* Build configuration list for PBXProject "UIViewComponent" */ = {
			isa = XCConfigurationList;
			buildConfigurations = (
				99BBB97D26258EE400EB8F3D /* Debug */,
				99BBB97E26258EE400EB8F3D /* Release */,
			);
			defaultConfigurationIsVisible = 0;
			defaultConfigurationName = Release;
		};
		99BBB97F26258EE400EB8F3D /* Build configuration list for PBXNativeTarget "UIViewComponent" */ = {
			isa = XCConfigurationList;
			buildConfigurations = (
				99BBB98026258EE400EB8F3D /* Debug */,
				99BBB98126258EE400EB8F3D /* Release */,
			);
			defaultConfigurationIsVisible = 0;
			defaultConfigurationName = Release;
		};
/* End XCConfigurationList section */
	};
	rootObject = 99BBB96326258EE200EB8F3D /* Project object */;
}
